
Microsoft Visual Studio Solution File, Format Version 12.00
# Visual Studio Version 17
VisualStudioVersion = 17.10.35027.167
MinimumVisualStudioVersion = 10.0.40219.1
Project("{FAE04EC0-301F-11D3-BF4B-00C04F79EFBC}") = "Hafta 2 Kapanis", "Hafta 2 Kapanis\Hafta 2 Kapanis.csproj", "{A986E0AB-AA73-4D98-A9E6-974536C240CE}"
EndProject
Global
	GlobalSection(SolutionConfigurationPlatforms) = preSolution
		Debug|Any CPU = Debug|Any CPU
		Release|Any CPU = Release|Any CPU
	EndGlobalSection
	GlobalSection(ProjectConfigurationPlatforms) = postSolution
		{A986E0AB-AA73-4D98-A9E6-974536C240CE}.Debug|Any CPU.ActiveCfg = Debug|Any CPU
		{A986E0AB-AA73-4D98-A9E6-974536C240CE}.Debug|Any CPU.Build.0 = Debug|Any CPU
		{A986E0AB-AA73-4D98-A9E6-974536C240CE}.Release|Any CPU.ActiveCfg = Release|Any CPU
		{A986E0AB-AA73-4D98-A9E6-974536C240CE}.Release|Any CPU.Build.0 = Release|Any CPU
	EndGlobalSection
	GlobalSection(SolutionProperties) = preSolution
		HideSolutionNode = FALSE
	EndGlobalSection
	GlobalSection(ExtensibilityGlobals) = postSolution
		SolutionGuid = {FA4B42EB-5195-48F5-90F4-912A497F2E2D}
	EndGlobalSection
EndGlobal
